
Microsoft Visual Studio Solution File, Format Version 12.00
# Visual Studio Version 17
VisualStudioVersion = 17.5.33424.131
MinimumVisualStudioVersion = 10.0.40219.1
Project("{9A19103F-16F7-4668-BE54-9A1E7A4F7556}") = "MyTasks", "MyTasks.csproj", "{EA504D38-DEA6-4DD9-97AB-AC847E3A8DE2}"
EndProject
Global
	GlobalSection(SolutionConfigurationPlatforms) = preSolution
		Debug|Any CPU = Debug|Any CPU
		Release|Any CPU = Release|Any CPU
	EndGlobalSection
	GlobalSection(ProjectConfigurationPlatforms) = postSolution
		{EA504D38-DEA6-4DD9-97AB-AC847E3A8DE2}.Debug|Any CPU.ActiveCfg = Debug|Any CPU
		{EA504D38-DEA6-4DD9-97AB-AC847E3A8DE2}.Debug|Any CPU.Build.0 = Debug|Any CPU
		{EA504D38-DEA6-4DD9-97AB-AC847E3A8DE2}.Release|Any CPU.ActiveCfg = Release|Any CPU
		{EA504D38-DEA6-4DD9-97AB-AC847E3A8DE2}.Release|Any CPU.Build.0 = Release|Any CPU
	EndGlobalSection
	GlobalSection(SolutionProperties) = preSolution
		HideSolutionNode = FALSE
	EndGlobalSection
	GlobalSection(ExtensibilityGlobals) = postSolution
		SolutionGuid = {D6A6AADD-67EB-48EA-ABFC-5A8DEF61F4C9}
	EndGlobalSection
EndGlobal
